
Microsoft Visual Studio Solution File, Format Version 12.00
# Visual Studio Version 17
VisualStudioVersion = 17.1.31911.260
MinimumVisualStudioVersion = 10.0.40219.1
Project("{FAE04EC0-301F-11D3-BF4B-00C04F79EFBC}") = "ToDo", "ToDo\ToDo.csproj", "{928D0C40-6F49-4F4C-898A-07C2321FAA45}"
EndProject
Global
	GlobalSection(SolutionConfigurationPlatforms) = preSolution
		Debug|Any CPU = Debug|Any CPU
		Release|Any CPU = Release|Any CPU
	EndGlobalSection
	GlobalSection(ProjectConfigurationPlatforms) = postSolution
		{928D0C40-6F49-4F4C-898A-07C2321FAA45}.Debug|Any CPU.ActiveCfg = Debug|Any CPU
		{928D0C40-6F49-4F4C-898A-07C2321FAA45}.Debug|Any CPU.Build.0 = Debug|Any CPU
		{928D0C40-6F49-4F4C-898A-07C2321FAA45}.Release|Any CPU.ActiveCfg = Release|Any CPU
		{928D0C40-6F49-4F4C-898A-07C2321FAA45}.Release|Any CPU.Build.0 = Release|Any CPU
	EndGlobalSection
	GlobalSection(SolutionProperties) = preSolution
		HideSolutionNode = FALSE
	EndGlobalSection
	GlobalSection(ExtensibilityGlobals) = postSolution
		SolutionGuid = {A415447A-3EF4-4A61-97D1-9E908456D2B1}
	EndGlobalSection
EndGlobal
